
Microsoft Visual Studio Solution File, Format Version 12.00
# Visual Studio 15
VisualStudioVersion = 15.0.27130.2027
MinimumVisualStudioVersion = 10.0.40219.1
Project("{FAE04EC0-301F-11D3-BF4B-00C04F79EFBC}") = "Csharp2-assignment6", "Csharp2-assignment6\Csharp2-assignment6.csproj", "{9E3B3E5B-48B5-41FA-966D-5C5123B3C711}"
EndProject
Global
	GlobalSection(SolutionConfigurationPlatforms) = preSolution
		Debug|Any CPU = Debug|Any CPU
		Release|Any CPU = Release|Any CPU
	EndGlobalSection
	GlobalSection(ProjectConfigurationPlatforms) = postSolution
		{9E3B3E5B-48B5-41FA-966D-5C5123B3C711}.Debug|Any CPU.ActiveCfg = Debug|Any CPU
		{9E3B3E5B-48B5-41FA-966D-5C5123B3C711}.Debug|Any CPU.Build.0 = Debug|Any CPU
		{9E3B3E5B-48B5-41FA-966D-5C5123B3C711}.Release|Any CPU.ActiveCfg = Release|Any CPU
		{9E3B3E5B-48B5-41FA-966D-5C5123B3C711}.Release|Any CPU.Build.0 = Release|Any CPU
	EndGlobalSection
	GlobalSection(SolutionProperties) = preSolution
		HideSolutionNode = FALSE
	EndGlobalSection
	GlobalSection(ExtensibilityGlobals) = postSolution
		SolutionGuid = {4EC1C412-5A03-4469-A977-98E3524541AA}
	EndGlobalSection
EndGlobal
