
Microsoft Visual Studio Solution File, Format Version 12.00
# Visual Studio 15
VisualStudioVersion = 15.0.27130.2027
MinimumVisualStudioVersion = 10.0.40219.1
Project("{FAE04EC0-301F-11D3-BF4B-00C04F79EFBC}") = "Assignment5", "Assignment5\Assignment5.csproj", "{953BC94D-C2CC-497C-B77B-C23998EDD1CC}"
EndProject
Global
	GlobalSection(SolutionConfigurationPlatforms) = preSolution
		Debug|Any CPU = Debug|Any CPU
		Release|Any CPU = Release|Any CPU
	EndGlobalSection
	GlobalSection(ProjectConfigurationPlatforms) = postSolution
		{953BC94D-C2CC-497C-B77B-C23998EDD1CC}.Debug|Any CPU.ActiveCfg = Debug|Any CPU
		{953BC94D-C2CC-497C-B77B-C23998EDD1CC}.Debug|Any CPU.Build.0 = Debug|Any CPU
		{953BC94D-C2CC-497C-B77B-C23998EDD1CC}.Release|Any CPU.ActiveCfg = Release|Any CPU
		{953BC94D-C2CC-497C-B77B-C23998EDD1CC}.Release|Any CPU.Build.0 = Release|Any CPU
	EndGlobalSection
	GlobalSection(SolutionProperties) = preSolution
		HideSolutionNode = FALSE
	EndGlobalSection
	GlobalSection(ExtensibilityGlobals) = postSolution
		SolutionGuid = {4BB0CCC5-AB4B-4A96-8804-6ED42952AC2F}
	EndGlobalSection
EndGlobal
